// !$*UTF8*$!
{
	archiveVersion = 1;
	classes = {
	};
	objectVersion = 56;
	objects = {

/* Begin PBXBuildFile section */
		F7E0CE1D2A284593004A4648 /* AppDelegate.swift in Sources */ = {isa = PBXBuildFile; fileRef = F7E0CE1C2A284593004A4648 /* AppDelegate.swift */; };
		F7E0CE1F2A284593004A4648 /* SceneDelegate.swift in Sources */ = {isa = PBXBuildFile; fileRef = F7E0CE1E2A284593004A4648 /* SceneDelegate.swift */; };
		F7E0CE212A284593004A4648 /* ViewController.swift in Sources */ = {isa = PBXBuildFile; fileRef = F7E0CE202A284593004A4648 /* ViewController.swift */; };
		F7E0CE242A284593004A4648 /* Main.storyboard in Resources */ = {isa = PBXBuildFile; fileRef = F7E0CE222A284593004A4648 /* Main.storyboard */; };
		F7E0CE262A284595004A4648 /* Assets.xcassets in Resources */ = {isa = PBXBuildFile; fileRef = F7E0CE252A284595004A4648 /* Assets.xcassets */; };
		F7E0CE292A284595004A4648 /* LaunchScreen.storyboard in Resources */ = {isa = PBXBuildFile; fileRef = F7E0CE272A284595004A4648 /* LaunchScreen.storyboard */; };
		F7E0CE342A284595004A4648 /* CatsTests.swift in Sources */ = {isa = PBXBuildFile; fileRef = F7E0CE332A284595004A4648 /* CatsTests.swift */; };
		F7E0CE3E2A284595004A4648 /* CatsUITests.swift in Sources */ = {isa = PBXBuildFile; fileRef = F7E0CE3D2A284595004A4648 /* CatsUITests.swift */; };
		F7E0CE402A284595004A4648 /* CatsUITestsLaunchTests.swift in Sources */ = {isa = PBXBuildFile; fileRef = F7E0CE3F2A284595004A4648 /* CatsUITestsLaunchTests.swift */; };
		F7E0CE4F2A284798004A4648 /* CatTableViewCell.swift in Sources */ = {isa = PBXBuildFile; fileRef = F7E0CE4D2A284797004A4648 /* CatTableViewCell.swift */; };
		F7E0CE502A284798004A4648 /* CatTableViewCell.xib in Resources */ = {isa = PBXBuildFile; fileRef = F7E0CE4E2A284797004A4648 /* CatTableViewCell.xib */; };
		F7E0CE532A2849BF004A4648 /* Alamofire in Frameworks */ = {isa = PBXBuildFile; productRef = F7E0CE522A2849BF004A4648 /* Alamofire */; };
		F7E0CE562A284A16004A4648 /* CatResponse.swift in Sources */ = {isa = PBXBuildFile; fileRef = F7E0CE552A284A16004A4648 /* CatResponse.swift */; };
		F7E0CE592A284B8E004A4648 /* Cat.swift in Sources */ = {isa = PBXBuildFile; fileRef = F7E0CE582A284B8E004A4648 /* Cat.swift */; };
		F7E0CE5C2A284C01004A4648 /* CatModel.swift in Sources */ = {isa = PBXBuildFile; fileRef = F7E0CE5B2A284C01004A4648 /* CatModel.swift */; };
		F7E0CE602A284D8A004A4648 /* CatPresenter.swift in Sources */ = {isa = PBXBuildFile; fileRef = F7E0CE5F2A284D8A004A4648 /* CatPresenter.swift */; };
		F7E0CE622A28502F004A4648 /* CatAdapter.swift in Sources */ = {isa = PBXBuildFile; fileRef = F7E0CE612A28502F004A4648 /* CatAdapter.swift */; };
/* End PBXBuildFile section */

/* Begin PBXContainerItemProxy section */
		F7E0CE302A284595004A4648 /* PBXContainerItemProxy */ = {
			isa = PBXContainerItemProxy;
			containerPortal = F7E0CE112A284593004A4648 /* Project object */;
			proxyType = 1;
			remoteGlobalIDString = F7E0CE182A284593004A4648;
			remoteInfo = Cats;
		};
		F7E0CE3A2A284595004A4648 /* PBXContainerItemProxy */ = {
			isa = PBXContainerItemProxy;
			containerPortal = F7E0CE112A284593004A4648 /* Project object */;
			proxyType = 1;
			remoteGlobalIDString = F7E0CE182A284593004A4648;
			remoteInfo = Cats;
		};
/* End PBXContainerItemProxy section */

/* Begin PBXFileReference section */
		F7E0CE192A284593004A4648 /* Cats.app */ = {isa = PBXFileReference; explicitFileType = wrapper.application; includeInIndex = 0; path = Cats.app; sourceTree = BUILT_PRODUCTS_DIR; };
		F7E0CE1C2A284593004A4648 /* AppDelegate.swift */ = {isa = PBXFileReference; lastKnownFileType = sourcecode.swift; path = AppDelegate.swift; sourceTree = "<group>"; };
		F7E0CE1E2A284593004A4648 /* SceneDelegate.swift */ = {isa = PBXFileReference; lastKnownFileType = sourcecode.swift; path = SceneDelegate.swift; sourceTree = "<group>"; };
		F7E0CE202A284593004A4648 /* ViewController.swift */ = {isa = PBXFileReference; lastKnownFileType = sourcecode.swift; path = ViewController.swift; sourceTree = "<group>"; };
		F7E0CE232A284593004A4648 /* Base */ = {isa = PBXFileReference; lastKnownFileType = file.storyboard; name = Base; path = Base.lproj/Main.storyboard; sourceTree = "<group>"; };
		F7E0CE252A284595004A4648 /* Assets.xcassets */ = {isa = PBXFileReference; lastKnownFileType = folder.assetcatalog; path = Assets.xcassets; sourceTree = "<group>"; };
		F7E0CE282A284595004A4648 /* Base */ = {isa = PBXFileReference; lastKnownFileType = file.storyboard; name = Base; path = Base.lproj/LaunchScreen.storyboard; sourceTree = "<group>"; };
		F7E0CE2A2A284595004A4648 /* Info.plist */ = {isa = PBXFileReference; lastKnownFileType = text.plist.xml; path = Info.plist; sourceTree = "<group>"; };
		F7E0CE2F2A284595004A4648 /* CatsTests.xctest */ = {isa = PBXFileReference; explicitFileType = wrapper.cfbundle; includeInIndex = 0; path = CatsTests.xctest; sourceTree = BUILT_PRODUCTS_DIR; };
		F7E0CE332A284595004A4648 /* CatsTests.swift */ = {isa = PBXFileReference; lastKnownFileType = sourcecode.swift; path = CatsTests.swift; sourceTree = "<group>"; };
		F7E0CE392A284595004A4648 /* CatsUITests.xctest */ = {isa = PBXFileReference; explicitFileType = wrapper.cfbundle; includeInIndex = 0; path = CatsUITests.xctest; sourceTree = BUILT_PRODUCTS_DIR; };
		F7E0CE3D2A284595004A4648 /* CatsUITests.swift */ = {isa = PBXFileReference; lastKnownFileType = sourcecode.swift; path = CatsUITests.swift; sourceTree = "<group>"; };
		F7E0CE3F2A284595004A4648 /* CatsUITestsLaunchTests.swift */ = {isa = PBXFileReference; lastKnownFileType = sourcecode.swift; path = CatsUITestsLaunchTests.swift; sourceTree = "<group>"; };
		F7E0CE4D2A284797004A4648 /* CatTableViewCell.swift */ = {isa = PBXFileReference; lastKnownFileType = sourcecode.swift; path = CatTableViewCell.swift; sourceTree = "<group>"; };
		F7E0CE4E2A284797004A4648 /* CatTableViewCell.xib */ = {isa = PBXFileReference; lastKnownFileType = file.xib; path = CatTableViewCell.xib; sourceTree = "<group>"; };
		F7E0CE552A284A16004A4648 /* CatResponse.swift */ = {isa = PBXFileReference; lastKnownFileType = sourcecode.swift; path = CatResponse.swift; sourceTree = "<group>"; };
		F7E0CE582A284B8E004A4648 /* Cat.swift */ = {isa = PBXFileReference; lastKnownFileType = sourcecode.swift; path = Cat.swift; sourceTree = "<group>"; };
		F7E0CE5B2A284C01004A4648 /* CatModel.swift */ = {isa = PBXFileReference; lastKnownFileType = sourcecode.swift; path = CatModel.swift; sourceTree = "<group>"; };
		F7E0CE5F2A284D8A004A4648 /* CatPresenter.swift */ = {isa = PBXFileReference; lastKnownFileType = sourcecode.swift; path = CatPresenter.swift; sourceTree = "<group>"; };
		F7E0CE612A28502F004A4648 /* CatAdapter.swift */ = {isa = PBXFileReference; lastKnownFileType = sourcecode.swift; path = CatAdapter.swift; sourceTree = "<group>"; };
/* End PBXFileReference section */

/* Begin PBXFrameworksBuildPhase section */
		F7E0CE162A284593004A4648 /* Frameworks */ = {
			isa = PBXFrameworksBuildPhase;
			buildActionMask = 2147483647;
			files = (
				F7E0CE532A2849BF004A4648 /* Alamofire in Frameworks */,
			);
			runOnlyForDeploymentPostprocessing = 0;
		};
		F7E0CE2C2A284595004A4648 /* Frameworks */ = {
			isa = PBXFrameworksBuildPhase;
			buildActionMask = 2147483647;
			files = (
			);
			runOnlyForDeploymentPostprocessing = 0;
		};
		F7E0CE362A284595004A4648 /* Frameworks */ = {
			isa = PBXFrameworksBuildPhase;
			buildActionMask = 2147483647;
			files = (
			);
			runOnlyForDeploymentPostprocessing = 0;
		};
/* End PBXFrameworksBuildPhase section */

/* Begin PBXGroup section */
		F7E0CE102A284593004A4648 = {
			isa = PBXGroup;
			children = (
				F7E0CE1B2A284593004A4648 /* Cats */,
				F7E0CE322A284595004A4648 /* CatsTests */,
				F7E0CE3C2A284595004A4648 /* CatsUITests */,
				F7E0CE1A2A284593004A4648 /* Products */,
			);
			sourceTree = "<group>";
		};
		F7E0CE1A2A284593004A4648 /* Products */ = {
			isa = PBXGroup;
			children = (
				F7E0CE192A284593004A4648 /* Cats.app */,
				F7E0CE2F2A284595004A4648 /* CatsTests.xctest */,
				F7E0CE392A284595004A4648 /* CatsUITests.xctest */,
			);
			name = Products;
			sourceTree = "<group>";
		};
		F7E0CE1B2A284593004A4648 /* Cats */ = {
			isa = PBXGroup;
			children = (
				F7E0CE5D2A284D4F004A4648 /* Classes */,
				F7E0CE5A2A284BEB004A4648 /* Model */,
				F7E0CE572A284B77004A4648 /* DTO */,
				F7E0CE542A2849F8004A4648 /* Entity */,
				F7E0CE4C2A2846C4004A4648 /* Cell */,
				F7E0CE1C2A284593004A4648 /* AppDelegate.swift */,
				F7E0CE1E2A284593004A4648 /* SceneDelegate.swift */,
				F7E0CE252A284595004A4648 /* Assets.xcassets */,
				F7E0CE272A284595004A4648 /* LaunchScreen.storyboard */,
				F7E0CE2A2A284595004A4648 /* Info.plist */,
			);
			path = Cats;
			sourceTree = "<group>";
		};
		F7E0CE322A284595004A4648 /* CatsTests */ = {
			isa = PBXGroup;
			children = (
				F7E0CE332A284595004A4648 /* CatsTests.swift */,
			);
			path = CatsTests;
			sourceTree = "<group>";
		};
		F7E0CE3C2A284595004A4648 /* CatsUITests */ = {
			isa = PBXGroup;
			children = (
				F7E0CE3D2A284595004A4648 /* CatsUITests.swift */,
				F7E0CE3F2A284595004A4648 /* CatsUITestsLaunchTests.swift */,
			);
			path = CatsUITests;
			sourceTree = "<group>";
		};
		F7E0CE4C2A2846C4004A4648 /* Cell */ = {
			isa = PBXGroup;
			children = (
				F7E0CE4D2A284797004A4648 /* CatTableViewCell.swift */,
				F7E0CE4E2A284797004A4648 /* CatTableViewCell.xib */,
			);
			path = Cell;
			sourceTree = "<group>";
		};
		F7E0CE542A2849F8004A4648 /* Entity */ = {
			isa = PBXGroup;
			children = (
				F7E0CE582A284B8E004A4648 /* Cat.swift */,
			);
			path = Entity;
			sourceTree = "<group>";
		};
		F7E0CE572A284B77004A4648 /* DTO */ = {
			isa = PBXGroup;
			children = (
				F7E0CE552A284A16004A4648 /* CatResponse.swift */,
			);
			path = DTO;
			sourceTree = "<group>";
		};
		F7E0CE5A2A284BEB004A4648 /* Model */ = {
			isa = PBXGroup;
			children = (
				F7E0CE5B2A284C01004A4648 /* CatModel.swift */,
			);
			path = Model;
			sourceTree = "<group>";
		};
		F7E0CE5D2A284D4F004A4648 /* Classes */ = {
			isa = PBXGroup;
			children = (
				F7E0CE5E2A284D5C004A4648 /* List */,
				F7E0CE222A284593004A4648 /* Main.storyboard */,
			);
			path = Classes;
			sourceTree = "<group>";
		};
		F7E0CE5E2A284D5C004A4648 /* List */ = {
			isa = PBXGroup;
			children = (
				F7E0CE5F2A284D8A004A4648 /* CatPresenter.swift */,
				F7E0CE612A28502F004A4648 /* CatAdapter.swift */,
				F7E0CE202A284593004A4648 /* ViewController.swift */,
			);
			path = List;
			sourceTree = "<group>";
		};
/* End PBXGroup section */

/* Begin PBXNativeTarget section */
		F7E0CE182A284593004A4648 /* Cats */ = {
			isa = PBXNativeTarget;
			buildConfigurationList = F7E0CE432A284595004A4648 /* Build configuration list for PBXNativeTarget "Cats" */;
			buildPhases = (
				F7E0CE152A284593004A4648 /* Sources */,
				F7E0CE162A284593004A4648 /* Frameworks */,
				F7E0CE172A284593004A4648 /* Resources */,
			);
			buildRules = (
			);
			dependencies = (
			);
			name = Cats;
			packageProductDependencies = (
				F7E0CE522A2849BF004A4648 /* Alamofire */,
			);
			productName = Cats;
			productReference = F7E0CE192A284593004A4648 /* Cats.app */;
			productType = "com.apple.product-type.application";
		};
		F7E0CE2E2A284595004A4648 /* CatsTests */ = {
			isa = PBXNativeTarget;
			buildConfigurationList = F7E0CE462A284595004A4648 /* Build configuration list for PBXNativeTarget "CatsTests" */;
			buildPhases = (
				F7E0CE2B2A284595004A4648 /* Sources */,
				F7E0CE2C2A284595004A4648 /* Frameworks */,
				F7E0CE2D2A284595004A4648 /* Resources */,
			);
			buildRules = (
			);
			dependencies = (
				F7E0CE312A284595004A4648 /* PBXTargetDependency */,
			);
			name = CatsTests;
			productName = CatsTests;
			productReference = F7E0CE2F2A284595004A4648 /* CatsTests.xctest */;
			productType = "com.apple.product-type.bundle.unit-test";
		};
		F7E0CE382A284595004A4648 /* CatsUITests */ = {
			isa = PBXNativeTarget;
			buildConfigurationList = F7E0CE492A284595004A4648 /* Build configuration list for PBXNativeTarget "CatsUITests" */;
			buildPhases = (
				F7E0CE352A284595004A4648 /* Sources */,
				F7E0CE362A284595004A4648 /* Frameworks */,
				F7E0CE372A284595004A4648 /* Resources */,
			);
			buildRules = (
			);
			dependencies = (
				F7E0CE3B2A284595004A4648 /* PBXTargetDependency */,
			);
			name = CatsUITests;
			productName = CatsUITests;
			productReference = F7E0CE392A284595004A4648 /* CatsUITests.xctest */;
			productType = "com.apple.product-type.bundle.ui-testing";
		};
/* End PBXNativeTarget section */

/* Begin PBXProject section */
		F7E0CE112A284593004A4648 /* Project object */ = {
			isa = PBXProject;
			attributes = {
				BuildIndependentTargetsInParallel = 1;
				LastSwiftUpdateCheck = 1420;
				LastUpgradeCheck = 1420;
				TargetAttributes = {
					F7E0CE182A284593004A4648 = {
						CreatedOnToolsVersion = 14.2;
					};
					F7E0CE2E2A284595004A4648 = {
						CreatedOnToolsVersion = 14.2;
						TestTargetID = F7E0CE182A284593004A4648;
					};
					F7E0CE382A284595004A4648 = {
						CreatedOnToolsVersion = 14.2;
						TestTargetID = F7E0CE182A284593004A4648;
					};
				};
			};
			buildConfigurationList = F7E0CE142A284593004A4648 /* Build configuration list for PBXProject "Cats" */;
			compatibilityVersion = "Xcode 14.0";
			developmentRegion = en;
			hasScannedForEncodings = 0;
			knownRegions = (
				en,
				Base,
			);
			mainGroup = F7E0CE102A284593004A4648;
			packageReferences = (
				F7E0CE512A2849BF004A4648 /* XCRemoteSwiftPackageReference "Alamofire" */,
			);
			productRefGroup = F7E0CE1A2A284593004A4648 /* Products */;
			projectDirPath = "";
			projectRoot = "";
			targets = (
				F7E0CE182A284593004A4648 /* Cats */,
				F7E0CE2E2A284595004A4648 /* CatsTests */,
				F7E0CE382A284595004A4648 /* CatsUITests */,
			);
		};
/* End PBXProject section */

/* Begin PBXResourcesBuildPhase section */
		F7E0CE172A284593004A4648 /* Resources */ = {
			isa = PBXResourcesBuildPhase;
			buildActionMask = 2147483647;
			files = (
				F7E0CE502A284798004A4648 /* CatTableViewCell.xib in Resources */,
				F7E0CE292A284595004A4648 /* LaunchScreen.storyboard in Resources */,
				F7E0CE262A284595004A4648 /* Assets.xcassets in Resources */,
				F7E0CE242A284593004A4648 /* Main.storyboard in Resources */,
			);
			runOnlyForDeploymentPostprocessing = 0;
		};
		F7E0CE2D2A284595004A4648 /* Resources */ = {
			isa = PBXResourcesBuildPhase;
			buildActionMask = 2147483647;
			files = (
			);
			runOnlyForDeploymentPostprocessing = 0;
		};
		F7E0CE372A284595004A4648 /* Resources */ = {
			isa = PBXResourcesBuildPhase;
			buildActionMask = 2147483647;
			files = (
			);
			runOnlyForDeploymentPostprocessing = 0;
		};
/* End PBXResourcesBuildPhase section */

/* Begin PBXSourcesBuildPhase section */
		F7E0CE152A284593004A4648 /* Sources */ = {
			isa = PBXSourcesBuildPhase;
			buildActionMask = 2147483647;
			files = (
				F7E0CE4F2A284798004A4648 /* CatTableViewCell.swift in Sources */,
				F7E0CE212A284593004A4648 /* ViewController.swift in Sources */,
				F7E0CE622A28502F004A4648 /* CatAdapter.swift in Sources */,
				F7E0CE592A284B8E004A4648 /* Cat.swift in Sources */,
				F7E0CE562A284A16004A4648 /* CatResponse.swift in Sources */,
				F7E0CE1D2A284593004A4648 /* AppDelegate.swift in Sources */,
				F7E0CE602A284D8A004A4648 /* CatPresenter.swift in Sources */,
				F7E0CE1F2A284593004A4648 /* SceneDelegate.swift in Sources */,
				F7E0CE5C2A284C01004A4648 /* CatModel.swift in Sources */,
			);
			runOnlyForDeploymentPostprocessing = 0;
		};
		F7E0CE2B2A284595004A4648 /* Sources */ = {
			isa = PBXSourcesBuildPhase;
			buildActionMask = 2147483647;
			files = (
				F7E0CE342A284595004A4648 /* CatsTests.swift in Sources */,
			);
			runOnlyForDeploymentPostprocessing = 0;
		};
		F7E0CE352A284595004A4648 /* Sources */ = {
			isa = PBXSourcesBuildPhase;
			buildActionMask = 2147483647;
			files = (
				F7E0CE3E2A284595004A4648 /* CatsUITests.swift in Sources */,
				F7E0CE402A284595004A4648 /* CatsUITestsLaunchTests.swift in Sources */,
			);
			runOnlyForDeploymentPostprocessing = 0;
		};
/* End PBXSourcesBuildPhase section */

/* Begin PBXTargetDependency section */
		F7E0CE312A284595004A4648 /* PBXTargetDependency */ = {
			isa = PBXTargetDependency;
			target = F7E0CE182A284593004A4648 /* Cats */;
			targetProxy = F7E0CE302A284595004A4648 /* PBXContainerItemProxy */;
		};
		F7E0CE3B2A284595004A4648 /* PBXTargetDependency */ = {
			isa = PBXTargetDependency;
			target = F7E0CE182A284593004A4648 /* Cats */;
			targetProxy = F7E0CE3A2A284595004A4648 /* PBXContainerItemProxy */;
		};
/* End PBXTargetDependency section */

/* Begin PBXVariantGroup section */
		F7E0CE222A284593004A4648 /* Main.storyboard */ = {
			isa = PBXVariantGroup;
			children = (
				F7E0CE232A284593004A4648 /* Base */,
			);
			name = Main.storyboard;
			sourceTree = "<group>";
		};
		F7E0CE272A284595004A4648 /* LaunchScreen.storyboard */ = {
			isa = PBXVariantGroup;
			children = (
				F7E0CE282A284595004A4648 /* Base */,
			);
			name = LaunchScreen.storyboard;
			sourceTree = "<group>";
		};
/* End PBXVariantGroup section */

/* Begin XCBuildConfiguration section */
		F7E0CE412A284595004A4648 /* Debug */ = {
			isa = XCBuildConfiguration;
			buildSettings = {
				ALWAYS_SEARCH_USER_PATHS = NO;
				CLANG_ANALYZER_NONNULL = YES;
				CLANG_ANALYZER_NUMBER_OBJECT_CONVERSION = YES_AGGRESSIVE;
				CLANG_CXX_LANGUAGE_STANDARD = "gnu++20";
				CLANG_ENABLE_MODULES = YES;
				CLANG_ENABLE_OBJC_ARC = YES;
				CLANG_ENABLE_OBJC_WEAK = YES;
				CLANG_WARN_BLOCK_CAPTURE_AUTORELEASING = YES;
				CLANG_WARN_BOOL_CONVERSION = YES;
				CLANG_WARN_COMMA = YES;
				CLANG_WARN_CONSTANT_CONVERSION = YES;
				CLANG_WARN_DEPRECATED_OBJC_IMPLEMENTATIONS = YES;
				CLANG_WARN_DIRECT_OBJC_ISA_USAGE = YES_ERROR;
				CLANG_WARN_DOCUMENTATION_COMMENTS = YES;
				CLANG_WARN_EMPTY_BODY = YES;
				CLANG_WARN_ENUM_CONVERSION = YES;
				CLANG_WARN_INFINITE_RECURSION = YES;
				CLANG_WARN_INT_CONVERSION = YES;
				CLANG_WARN_NON_LITERAL_NULL_CONVERSION = YES;
				CLANG_WARN_OBJC_IMPLICIT_RETAIN_SELF = YES;
				CLANG_WARN_OBJC_LITERAL_CONVERSION = YES;
				CLANG_WARN_OBJC_ROOT_CLASS = YES_ERROR;
				CLANG_WARN_QUOTED_INCLUDE_IN_FRAMEWORK_HEADER = YES;
				CLANG_WARN_RANGE_LOOP_ANALYSIS = YES;
				CLANG_WARN_STRICT_PROTOTYPES = YES;
				CLANG_WARN_SUSPICIOUS_MOVE = YES;
				CLANG_WARN_UNGUARDED_AVAILABILITY = YES_AGGRESSIVE;
				CLANG_WARN_UNREACHABLE_CODE = YES;
				CLANG_WARN__DUPLICATE_METHOD_MATCH = YES;
				COPY_PHASE_STRIP = NO;
				DEBUG_INFORMATION_FORMAT = dwarf;
				ENABLE_STRICT_OBJC_MSGSEND = YES;
				ENABLE_TESTABILITY = YES;
				GCC_C_LANGUAGE_STANDARD = gnu11;
				GCC_DYNAMIC_NO_PIC = NO;
				GCC_NO_COMMON_BLOCKS = YES;
				GCC_OPTIMIZATION_LEVEL = 0;
				GCC_PREPROCESSOR_DEFINITIONS = (
					"DEBUG=1",
					"$(inherited)",
				);
				GCC_WARN_64_TO_32_BIT_CONVERSION = YES;
				GCC_WARN_ABOUT_RETURN_TYPE = YES_ERROR;
				GCC_WARN_UNDECLARED_SELECTOR = YES;
				GCC_WARN_UNINITIALIZED_AUTOS = YES_AGGRESSIVE;
				GCC_WARN_UNUSED_FUNCTION = YES;
				GCC_WARN_UNUSED_VARIABLE = YES;
				IPHONEOS_DEPLOYMENT_TARGET = 16.2;
				MTL_ENABLE_DEBUG_INFO = INCLUDE_SOURCE;
				MTL_FAST_MATH = YES;
				ONLY_ACTIVE_ARCH = YES;
				SDKROOT = iphoneos;
				SWIFT_ACTIVE_COMPILATION_CONDITIONS = DEBUG;
				SWIFT_OPTIMIZATION_LEVEL = "-Onone";
			};
			name = Debug;
		};
		F7E0CE422A284595004A4648 /* Release */ = {
			isa = XCBuildConfiguration;
			buildSettings = {
				ALWAYS_SEARCH_USER_PATHS = NO;
				CLANG_ANALYZER_NONNULL = YES;
				CLANG_ANALYZER_NUMBER_OBJECT_CONVERSION = YES_AGGRESSIVE;
				CLANG_CXX_LANGUAGE_STANDARD = "gnu++20";
				CLANG_ENABLE_MODULES = YES;
				CLANG_ENABLE_OBJC_ARC = YES;
				CLANG_ENABLE_OBJC_WEAK = YES;
				CLANG_WARN_BLOCK_CAPTURE_AUTORELEASING = YES;
				CLANG_WARN_BOOL_CONVERSION = YES;
				CLANG_WARN_COMMA = YES;
				CLANG_WARN_CONSTANT_CONVERSION = YES;
				CLANG_WARN_DEPRECATED_OBJC_IMPLEMENTATIONS = YES;
				CLANG_WARN_DIRECT_OBJC_ISA_USAGE = YES_ERROR;
				CLANG_WARN_DOCUMENTATION_COMMENTS = YES;
				CLANG_WARN_EMPTY_BODY = YES;
				CLANG_WARN_ENUM_CONVERSION = YES;
				CLANG_WARN_INFINITE_RECURSION = YES;
				CLANG_WARN_INT_CONVERSION = YES;
				CLANG_WARN_NON_LITERAL_NULL_CONVERSION = YES;
				CLANG_WARN_OBJC_IMPLICIT_RETAIN_SELF = YES;
				CLANG_WARN_OBJC_LITERAL_CONVERSION = YES;
				CLANG_WARN_OBJC_ROOT_CLASS = YES_ERROR;
				CLANG_WARN_QUOTED_INCLUDE_IN_FRAMEWORK_HEADER = YES;
				CLANG_WARN_RANGE_LOOP_ANALYSIS = YES;
				CLANG_WARN_STRICT_PROTOTYPES = YES;
				CLANG_WARN_SUSPICIOUS_MOVE = YES;
				CLANG_WARN_UNGUARDED_AVAILABILITY = YES_AGGRESSIVE;
				CLANG_WARN_UNREACHABLE_CODE = YES;
				CLANG_WARN__DUPLICATE_METHOD_MATCH = YES;
				COPY_PHASE_STRIP = NO;
				DEBUG_INFORMATION_FORMAT = "dwarf-with-dsym";
				ENABLE_NS_ASSERTIONS = NO;
				ENABLE_STRICT_OBJC_MSGSEND = YES;
				GCC_C_LANGUAGE_STANDARD = gnu11;
				GCC_NO_COMMON_BLOCKS = YES;
				GCC_WARN_64_TO_32_BIT_CONVERSION = YES;
				GCC_WARN_ABOUT_RETURN_TYPE = YES_ERROR;
				GCC_WARN_UNDECLARED_SELECTOR = YES;
				GCC_WARN_UNINITIALIZED_AUTOS = YES_AGGRESSIVE;
				GCC_WARN_UNUSED_FUNCTION = YES;
				GCC_WARN_UNUSED_VARIABLE = YES;
				IPHONEOS_DEPLOYMENT_TARGET = 16.2;
				MTL_ENABLE_DEBUG_INFO = NO;
				MTL_FAST_MATH = YES;
				SDKROOT = iphoneos;
				SWIFT_COMPILATION_MODE = wholemodule;
				SWIFT_OPTIMIZATION_LEVEL = "-O";
				VALIDATE_PRODUCT = YES;
			};
			name = Release;
		};
		F7E0CE442A284595004A4648 /* Debug */ = {
			isa = XCBuildConfiguration;
			buildSettings = {
				ASSETCATALOG_COMPILER_APPICON_NAME = AppIcon;
				ASSETCATALOG_COMPILER_GLOBAL_ACCENT_COLOR_NAME = AccentColor;
				CODE_SIGN_STYLE = Automatic;
				CURRENT_PROJECT_VERSION = 1;
				DEVELOPMENT_TEAM = NXY2G8NXJS;
				GENERATE_INFOPLIST_FILE = YES;
				INFOPLIST_FILE = Cats/Info.plist;
				INFOPLIST_KEY_UIApplicationSupportsIndirectInputEvents = YES;
				INFOPLIST_KEY_UILaunchStoryboardName = LaunchScreen;
				INFOPLIST_KEY_UIMainStoryboardFile = Main;
				INFOPLIST_KEY_UISupportedInterfaceOrientations_iPad = "UIInterfaceOrientationPortrait UIInterfaceOrientationPortraitUpsideDown UIInterfaceOrientationLandscapeLeft UIInterfaceOrientationLandscapeRight";
				INFOPLIST_KEY_UISupportedInterfaceOrientations_iPhone = "UIInterfaceOrientationPortrait UIInterfaceOrientationLandscapeLeft UIInterfaceOrientationLandscapeRight";
				LD_RUNPATH_SEARCH_PATHS = (
					"$(inherited)",
					"@executable_path/Frameworks",
				);
				MARKETING_VERSION = 1.0;
				PRODUCT_BUNDLE_IDENTIFIER = raul.com.Cats;
				PRODUCT_NAME = "$(TARGET_NAME)";
				SWIFT_EMIT_LOC_STRINGS = YES;
				SWIFT_VERSION = 5.0;
				TARGETED_DEVICE_FAMILY = "1,2";
			};
			name = Debug;
		};
		F7E0CE452A284595004A4648 /* Release */ = {
			isa = XCBuildConfiguration;
			buildSettings = {
				ASSETCATALOG_COMPILER_APPICON_NAME = AppIcon;
				ASSETCATALOG_COMPILER_GLOBAL_ACCENT_COLOR_NAME = AccentColor;
				CODE_SIGN_STYLE = Automatic;
				CURRENT_PROJECT_VERSION = 1;
				DEVELOPMENT_TEAM = NXY2G8NXJS;
				GENERATE_INFOPLIST_FILE = YES;
				INFOPLIST_FILE = Cats/Info.plist;
				INFOPLIST_KEY_UIApplicationSupportsIndirectInputEvents = YES;
				INFOPLIST_KEY_UILaunchStoryboardName = LaunchScreen;
				INFOPLIST_KEY_UIMainStoryboardFile = Main;
				INFOPLIST_KEY_UISupportedInterfaceOrientations_iPad = "UIInterfaceOrientationPortrait UIInterfaceOrientationPortraitUpsideDown UIInterfaceOrientationLandscapeLeft UIInterfaceOrientationLandscapeRight";
				INFOPLIST_KEY_UISupportedInterfaceOrientations_iPhone = "UIInterfaceOrientationPortrait UIInterfaceOrientationLandscapeLeft UIInterfaceOrientationLandscapeRight";
				LD_RUNPATH_SEARCH_PATHS = (
					"$(inherited)",
					"@executable_path/Frameworks",
				);
				MARKETING_VERSION = 1.0;
				PRODUCT_BUNDLE_IDENTIFIER = raul.com.Cats;
				PRODUCT_NAME = "$(TARGET_NAME)";
				SWIFT_EMIT_LOC_STRINGS = YES;
				SWIFT_VERSION = 5.0;
				TARGETED_DEVICE_FAMILY = "1,2";
			};
			name = Release;
		};
		F7E0CE472A284595004A4648 /* Debug */ = {
			isa = XCBuildConfiguration;
			buildSettings = {
				ALWAYS_EMBED_SWIFT_STANDARD_LIBRARIES = YES;
				BUNDLE_LOADER = "$(TEST_HOST)";
				CODE_SIGN_STYLE = Automatic;
				CURRENT_PROJECT_VERSION = 1;
				DEVELOPMENT_TEAM = NXY2G8NXJS;
				GENERATE_INFOPLIST_FILE = YES;
				IPHONEOS_DEPLOYMENT_TARGET = 16.2;
				MARKETING_VERSION = 1.0;
				PRODUCT_BUNDLE_IDENTIFIER = raul.com.CatsTests;
				PRODUCT_NAME = "$(TARGET_NAME)";
				SWIFT_EMIT_LOC_STRINGS = NO;
				SWIFT_VERSION = 5.0;
				TARGETED_DEVICE_FAMILY = "1,2";
				TEST_HOST = "$(BUILT_PRODUCTS_DIR)/Cats.app/$(BUNDLE_EXECUTABLE_FOLDER_PATH)/Cats";
			};
			name = Debug;
		};
		F7E0CE482A284595004A4648 /* Release */ = {
			isa = XCBuildConfiguration;
			buildSettings = {
				ALWAYS_EMBED_SWIFT_STANDARD_LIBRARIES = YES;
				BUNDLE_LOADER = "$(TEST_HOST)";
				CODE_SIGN_STYLE = Automatic;
				CURRENT_PROJECT_VERSION = 1;
				DEVELOPMENT_TEAM = NXY2G8NXJS;
				GENERATE_INFOPLIST_FILE = YES;
				IPHONEOS_DEPLOYMENT_TARGET = 16.2;
				MARKETING_VERSION = 1.0;
				PRODUCT_BUNDLE_IDENTIFIER = raul.com.CatsTests;
				PRODUCT_NAME = "$(TARGET_NAME)";
				SWIFT_EMIT_LOC_STRINGS = NO;
				SWIFT_VERSION = 5.0;
				TARGETED_DEVICE_FAMILY = "1,2";
				TEST_HOST = "$(BUILT_PRODUCTS_DIR)/Cats.app/$(BUNDLE_EXECUTABLE_FOLDER_PATH)/Cats";
			};
			name = Release;
		};
		F7E0CE4A2A284595004A4648 /* Debug */ = {
			isa = XCBuildConfiguration;
			buildSettings = {
				ALWAYS_EMBED_SWIFT_STANDARD_LIBRARIES = YES;
				CODE_SIGN_STYLE = Automatic;
				CURRENT_PROJECT_VERSION = 1;
				DEVELOPMENT_TEAM = NXY2G8NXJS;
				GENERATE_INFOPLIST_FILE = YES;
				MARKETING_VERSION = 1.0;
				PRODUCT_BUNDLE_IDENTIFIER = raul.com.CatsUITests;
				PRODUCT_NAME = "$(TARGET_NAME)";
				SWIFT_EMIT_LOC_STRINGS = NO;
				SWIFT_VERSION = 5.0;
				TARGETED_DEVICE_FAMILY = "1,2";
				TEST_TARGET_NAME = Cats;
			};
			name = Debug;
		};
		F7E0CE4B2A284595004A4648 /* Release */ = {
			isa = XCBuildConfiguration;
			buildSettings = {
				ALWAYS_EMBED_SWIFT_STANDARD_LIBRARIES = YES;
				CODE_SIGN_STYLE = Automatic;
				CURRENT_PROJECT_VERSION = 1;
				DEVELOPMENT_TEAM = NXY2G8NXJS;
				GENERATE_INFOPLIST_FILE = YES;
				MARKETING_VERSION = 1.0;
				PRODUCT_BUNDLE_IDENTIFIER = raul.com.CatsUITests;
				PRODUCT_NAME = "$(TARGET_NAME)";
				SWIFT_EMIT_LOC_STRINGS = NO;
				SWIFT_VERSION = 5.0;
				TARGETED_DEVICE_FAMILY = "1,2";
				TEST_TARGET_NAME = Cats;
			};
			name = Release;
		};
/* End XCBuildConfiguration section */

/* Begin XCConfigurationList section */
		F7E0CE142A284593004A4648 /* Build configuration list for PBXProject "Cats" */ = {
			isa = XCConfigurationList;
			buildConfigurations = (
				F7E0CE412A284595004A4648 /* Debug */,
				F7E0CE422A284595004A4648 /* Release */,
			);
			defaultConfigurationIsVisible = 0;
			defaultConfigurationName = Release;
		};
		F7E0CE432A284595004A4648 /* Build configuration list for PBXNativeTarget "Cats" */ = {
			isa = XCConfigurationList;
			buildConfigurations = (
				F7E0CE442A284595004A4648 /* Debug */,
				F7E0CE452A284595004A4648 /* Release */,
			);
			defaultConfigurationIsVisible = 0;
			defaultConfigurationName = Release;
		};
		F7E0CE462A284595004A4648 /* Build configuration list for PBXNativeTarget "CatsTests" */ = {
			isa = XCConfigurationList;
			buildConfigurations = (
				F7E0CE472A284595004A4648 /* Debug */,
				F7E0CE482A284595004A4648 /* Release */,
			);
			defaultConfigurationIsVisible = 0;
			defaultConfigurationName = Release;
		};
		F7E0CE492A284595004A4648 /* Build configuration list for PBXNativeTarget "CatsUITests" */ = {
			isa = XCConfigurationList;
			buildConfigurations = (
				F7E0CE4A2A284595004A4648 /* Debug */,
				F7E0CE4B2A284595004A4648 /* Release */,
			);
			defaultConfigurationIsVisible = 0;
			defaultConfigurationName = Release;
		};
/* End XCConfigurationList section */

/* Begin XCRemoteSwiftPackageReference section */
		F7E0CE512A2849BF004A4648 /* XCRemoteSwiftPackageReference "Alamofire" */ = {
			isa = XCRemoteSwiftPackageReference;
			repositoryURL = "https://github.com/Alamofire/Alamofire.git";
			requirement = {
				kind = upToNextMajorVersion;
				minimumVersion = 5.0.0;
			};
		};
/* End XCRemoteSwiftPackageReference section */

/* Begin XCSwiftPackageProductDependency section */
		F7E0CE522A2849BF004A4648 /* Alamofire */ = {
			isa = XCSwiftPackageProductDependency;
			package = F7E0CE512A2849BF004A4648 /* XCRemoteSwiftPackageReference "Alamofire" */;
			productName = Alamofire;
		};
/* End XCSwiftPackageProductDependency section */
	};
	rootObject = F7E0CE112A284593004A4648 /* Project object */;
}
